// !$*UTF8*$!
{
	archiveVersion = 1;
	classes = {
	};
	objectVersion = 77;
	objects = {

/* Begin PBXContainerItemProxy section */
		AB96A04C2DAFDAFA001DCCE0 /* PBXContainerItemProxy */ = {
			isa = PBXContainerItemProxy;
			containerPortal = AB96A0312DAFDAF8001DCCE0 /* Project object */;
			proxyType = 1;
			remoteGlobalIDString = AB96A0382DAFDAF8001DCCE0;
			remoteInfo = MLModernConcurrency;
		};
		AB96A0562DAFDAFA001DCCE0 /* PBXContainerItemProxy */ = {
			isa = PBXContainerItemProxy;
			containerPortal = AB96A0312DAFDAF8001DCCE0 /* Project object */;
			proxyType = 1;
			remoteGlobalIDString = AB96A0382DAFDAF8001DCCE0;
			remoteInfo = MLModernConcurrency;
		};
/* End PBXContainerItemProxy section */

/* Begin PBXFileReference section */
		AB96A0392DAFDAF8001DCCE0 /* MLModernConcurrency.app */ = {isa = PBXFileReference; explicitFileType = wrapper.application; includeInIndex = 0; path = MLModernConcurrency.app; sourceTree = BUILT_PRODUCTS_DIR; };
		AB96A04B2DAFDAFA001DCCE0 /* MLModernConcurrencyTests.xctest */ = {isa = PBXFileReference; explicitFileType = wrapper.cfbundle; includeInIndex = 0; path = MLModernConcurrencyTests.xctest; sourceTree = BUILT_PRODUCTS_DIR; };
		AB96A0552DAFDAFA001DCCE0 /* MLModernConcurrencyUITests.xctest */ = {isa = PBXFileReference; explicitFileType = wrapper.cfbundle; includeInIndex = 0; path = MLModernConcurrencyUITests.xctest; sourceTree = BUILT_PRODUCTS_DIR; };
/* End PBXFileReference section */

/* Begin PBXFileSystemSynchronizedRootGroup section */
		AB96A03B2DAFDAF8001DCCE0 /* MLModernConcurrency */ = {
			isa = PBXFileSystemSynchronizedRootGroup;
			path = MLModernConcurrency;
			sourceTree = "<group>";
		};
		AB96A04E2DAFDAFA001DCCE0 /* MLModernConcurrencyTests */ = {
			isa = PBXFileSystemSynchronizedRootGroup;
			path = MLModernConcurrencyTests;
			sourceTree = "<group>";
		};
		AB96A0582DAFDAFA001DCCE0 /* MLModernConcurrencyUITests */ = {
			isa = PBXFileSystemSynchronizedRootGroup;
			path = MLModernConcurrencyUITests;
			sourceTree = "<group>";
		};
/* End PBXFileSystemSynchronizedRootGroup section */

/* Begin PBXFrameworksBuildPhase section */
		AB96A0362DAFDAF8001DCCE0 /* Frameworks */ = {
			isa = PBXFrameworksBuildPhase;
			buildActionMask = 2147483647;
			files = (
			);
			runOnlyForDeploymentPostprocessing = 0;
		};
		AB96A0482DAFDAFA001DCCE0 /* Frameworks */ = {
			isa = PBXFrameworksBuildPhase;
			buildActionMask = 2147483647;
			files = (
			);
			runOnlyForDeploymentPostprocessing = 0;
		};
		AB96A0522DAFDAFA001DCCE0 /* Frameworks */ = {
			isa = PBXFrameworksBuildPhase;
			buildActionMask = 2147483647;
			files = (
			);
			runOnlyForDeploymentPostprocessing = 0;
		};
/* End PBXFrameworksBuildPhase section */

/* Begin PBXGroup section */
		AB96A0302DAFDAF8001DCCE0 = {
			isa = PBXGroup;
			children = (
				AB96A03B2DAFDAF8001DCCE0 /* MLModernConcurrency */,
				AB96A04E2DAFDAFA001DCCE0 /* MLModernConcurrencyTests */,
				AB96A0582DAFDAFA001DCCE0 /* MLModernConcurrencyUITests */,
				AB96A03A2DAFDAF8001DCCE0 /* Products */,
			);
			sourceTree = "<group>";
		};
		AB96A03A2DAFDAF8001DCCE0 /* Products */ = {
			isa = PBXGroup;
			children = (
				AB96A0392DAFDAF8001DCCE0 /* MLModernConcurrency.app */,
				AB96A04B2DAFDAFA001DCCE0 /* MLModernConcurrencyTests.xctest */,
				AB96A0552DAFDAFA001DCCE0 /* MLModernConcurrencyUITests.xctest */,
			);
			name = Products;
			sourceTree = "<group>";
		};
/* End PBXGroup section */

/* Begin PBXNativeTarget section */
		AB96A0382DAFDAF8001DCCE0 /* MLModernConcurrency */ = {
			isa = PBXNativeTarget;
			buildConfigurationList = AB96A05F2DAFDAFA001DCCE0 /* Build configuration list for PBXNativeTarget "MLModernConcurrency" */;
			buildPhases = (
				AB96A0352DAFDAF8001DCCE0 /* Sources */,
				AB96A0362DAFDAF8001DCCE0 /* Frameworks */,
				AB96A0372DAFDAF8001DCCE0 /* Resources */,
			);
			buildRules = (
			);
			dependencies = (
			);
			fileSystemSynchronizedGroups = (
				AB96A03B2DAFDAF8001DCCE0 /* MLModernConcurrency */,
			);
			name = MLModernConcurrency;
			packageProductDependencies = (
			);
			productName = MLModernConcurrency;
			productReference = AB96A0392DAFDAF8001DCCE0 /* MLModernConcurrency.app */;
			productType = "com.apple.product-type.application";
		};
		AB96A04A2DAFDAFA001DCCE0 /* MLModernConcurrencyTests */ = {
			isa = PBXNativeTarget;
			buildConfigurationList = AB96A0622DAFDAFA001DCCE0 /* Build configuration list for PBXNativeTarget "MLModernConcurrencyTests" */;
			buildPhases = (
				AB96A0472DAFDAFA001DCCE0 /* Sources */,
				AB96A0482DAFDAFA001DCCE0 /* Frameworks */,
				AB96A0492DAFDAFA001DCCE0 /* Resources */,
			);
			buildRules = (
			);
			dependencies = (
				AB96A04D2DAFDAFA001DCCE0 /* PBXTargetDependency */,
			);
			fileSystemSynchronizedGroups = (
				AB96A04E2DAFDAFA001DCCE0 /* MLModernConcurrencyTests */,
			);
			name = MLModernConcurrencyTests;
			packageProductDependencies = (
			);
			productName = MLModernConcurrencyTests;
			productReference = AB96A04B2DAFDAFA001DCCE0 /* MLModernConcurrencyTests.xctest */;
			productType = "com.apple.product-type.bundle.unit-test";
		};
		AB96A0542DAFDAFA001DCCE0 /* MLModernConcurrencyUITests */ = {
			isa = PBXNativeTarget;
			buildConfigurationList = AB96A0652DAFDAFA001DCCE0 /* Build configuration list for PBXNativeTarget "MLModernConcurrencyUITests" */;
			buildPhases = (
				AB96A0512DAFDAFA001DCCE0 /* Sources */,
				AB96A0522DAFDAFA001DCCE0 /* Frameworks */,
				AB96A0532DAFDAFA001DCCE0 /* Resources */,
			);
			buildRules = (
			);
			dependencies = (
				AB96A0572DAFDAFA001DCCE0 /* PBXTargetDependency */,
			);
			fileSystemSynchronizedGroups = (
				AB96A0582DAFDAFA001DCCE0 /* MLModernConcurrencyUITests */,
			);
			name = MLModernConcurrencyUITests;
			packageProductDependencies = (
			);
			productName = MLModernConcurrencyUITests;
			productReference = AB96A0552DAFDAFA001DCCE0 /* MLModernConcurrencyUITests.xctest */;
			productType = "com.apple.product-type.bundle.ui-testing";
		};
/* End PBXNativeTarget section */

/* Begin PBXProject section */
		AB96A0312DAFDAF8001DCCE0 /* Project object */ = {
			isa = PBXProject;
			attributes = {
				BuildIndependentTargetsInParallel = 1;
				LastSwiftUpdateCheck = 1600;
				LastUpgradeCheck = 1600;
				TargetAttributes = {
					AB96A0382DAFDAF8001DCCE0 = {
						CreatedOnToolsVersion = 16.0;
					};
					AB96A04A2DAFDAFA001DCCE0 = {
						CreatedOnToolsVersion = 16.0;
						TestTargetID = AB96A0382DAFDAF8001DCCE0;
					};
					AB96A0542DAFDAFA001DCCE0 = {
						CreatedOnToolsVersion = 16.0;
						TestTargetID = AB96A0382DAFDAF8001DCCE0;
					};
				};
			};
			buildConfigurationList = AB96A0342DAFDAF8001DCCE0 /* Build configuration list for PBXProject "MLModernConcurrency" */;
			developmentRegion = en;
			hasScannedForEncodings = 0;
			knownRegions = (
				en,
				Base,
			);
			mainGroup = AB96A0302DAFDAF8001DCCE0;
			minimizedProjectReferenceProxies = 1;
			preferredProjectObjectVersion = 77;
			productRefGroup = AB96A03A2DAFDAF8001DCCE0 /* Products */;
			projectDirPath = "";
			projectRoot = "";
			targets = (
				AB96A0382DAFDAF8001DCCE0 /* MLModernConcurrency */,
				AB96A04A2DAFDAFA001DCCE0 /* MLModernConcurrencyTests */,
				AB96A0542DAFDAFA001DCCE0 /* MLModernConcurrencyUITests */,
			);
		};
/* End PBXProject section */

/* Begin PBXResourcesBuildPhase section */
		AB96A0372DAFDAF8001DCCE0 /* Resources */ = {
			isa = PBXResourcesBuildPhase;
			buildActionMask = 2147483647;
			files = (
			);
			runOnlyForDeploymentPostprocessing = 0;
		};
		AB96A0492DAFDAFA001DCCE0 /* Resources */ = {
			isa = PBXResourcesBuildPhase;
			buildActionMask = 2147483647;
			files = (
			);
			runOnlyForDeploymentPostprocessing = 0;
		};
		AB96A0532DAFDAFA001DCCE0 /* Resources */ = {
			isa = PBXResourcesBuildPhase;
			buildActionMask = 2147483647;
			files = (
			);
			runOnlyForDeploymentPostprocessing = 0;
		};
/* End PBXResourcesBuildPhase section */

/* Begin PBXSourcesBuildPhase section */
		AB96A0352DAFDAF8001DCCE0 /* Sources */ = {
			isa = PBXSourcesBuildPhase;
			buildActionMask = 2147483647;
			files = (
			);
			runOnlyForDeploymentPostprocessing = 0;
		};
		AB96A0472DAFDAFA001DCCE0 /* Sources */ = {
			isa = PBXSourcesBuildPhase;
			buildActionMask = 2147483647;
			files = (
			);
			runOnlyForDeploymentPostprocessing = 0;
		};
		AB96A0512DAFDAFA001DCCE0 /* Sources */ = {
			isa = PBXSourcesBuildPhase;
			buildActionMask = 2147483647;
			files = (
			);
			runOnlyForDeploymentPostprocessing = 0;
		};
/* End PBXSourcesBuildPhase section */

/* Begin PBXTargetDependency section */
		AB96A04D2DAFDAFA001DCCE0 /* PBXTargetDependency */ = {
			isa = PBXTargetDependency;
			target = AB96A0382DAFDAF8001DCCE0 /* MLModernConcurrency */;
			targetProxy = AB96A04C2DAFDAFA001DCCE0 /* PBXContainerItemProxy */;
		};
		AB96A0572DAFDAFA001DCCE0 /* PBXTargetDependency */ = {
			isa = PBXTargetDependency;
			target = AB96A0382DAFDAF8001DCCE0 /* MLModernConcurrency */;
			targetProxy = AB96A0562DAFDAFA001DCCE0 /* PBXContainerItemProxy */;
		};
/* End PBXTargetDependency section */

/* Begin XCBuildConfiguration section */
		AB96A05D2DAFDAFA001DCCE0 /* Debug */ = {
			isa = XCBuildConfiguration;
			buildSettings = {
				ALWAYS_SEARCH_USER_PATHS = NO;
				ASSETCATALOG_COMPILER_GENERATE_SWIFT_ASSET_SYMBOL_EXTENSIONS = YES;
				CLANG_ANALYZER_NONNULL = YES;
				CLANG_ANALYZER_NUMBER_OBJECT_CONVERSION = YES_AGGRESSIVE;
				CLANG_CXX_LANGUAGE_STANDARD = "gnu++20";
				CLANG_ENABLE_MODULES = YES;
				CLANG_ENABLE_OBJC_ARC = YES;
				CLANG_ENABLE_OBJC_WEAK = YES;
				CLANG_WARN_BLOCK_CAPTURE_AUTORELEASING = YES;
				CLANG_WARN_BOOL_CONVERSION = YES;
				CLANG_WARN_COMMA = YES;
				CLANG_WARN_CONSTANT_CONVERSION = YES;
				CLANG_WARN_DEPRECATED_OBJC_IMPLEMENTATIONS = YES;
				CLANG_WARN_DIRECT_OBJC_ISA_USAGE = YES_ERROR;
				CLANG_WARN_DOCUMENTATION_COMMENTS = YES;
				CLANG_WARN_EMPTY_BODY = YES;
				CLANG_WARN_ENUM_CONVERSION = YES;
				CLANG_WARN_INFINITE_RECURSION = YES;
				CLANG_WARN_INT_CONVERSION = YES;
				CLANG_WARN_NON_LITERAL_NULL_CONVERSION = YES;
				CLANG_WARN_OBJC_IMPLICIT_RETAIN_SELF = YES;
				CLANG_WARN_OBJC_LITERAL_CONVERSION = YES;
				CLANG_WARN_OBJC_ROOT_CLASS = YES_ERROR;
				CLANG_WARN_QUOTED_INCLUDE_IN_FRAMEWORK_HEADER = YES;
				CLANG_WARN_RANGE_LOOP_ANALYSIS = YES;
				CLANG_WARN_STRICT_PROTOTYPES = YES;
				CLANG_WARN_SUSPICIOUS_MOVE = YES;
				CLANG_WARN_UNGUARDED_AVAILABILITY = YES_AGGRESSIVE;
				CLANG_WARN_UNREACHABLE_CODE = YES;
				CLANG_WARN__DUPLICATE_METHOD_MATCH = YES;
				COPY_PHASE_STRIP = NO;
				DEBUG_INFORMATION_FORMAT = dwarf;
				ENABLE_STRICT_OBJC_MSGSEND = YES;
				ENABLE_TESTABILITY = YES;
				ENABLE_USER_SCRIPT_SANDBOXING = YES;
				GCC_C_LANGUAGE_STANDARD = gnu17;
				GCC_DYNAMIC_NO_PIC = NO;
				GCC_NO_COMMON_BLOCKS = YES;
				GCC_OPTIMIZATION_LEVEL = 0;
				GCC_PREPROCESSOR_DEFINITIONS = (
					"DEBUG=1",
					"$(inherited)",
				);
				GCC_WARN_64_TO_32_BIT_CONVERSION = YES;
				GCC_WARN_ABOUT_RETURN_TYPE = YES_ERROR;
				GCC_WARN_UNDECLARED_SELECTOR = YES;
				GCC_WARN_UNINITIALIZED_AUTOS = YES_AGGRESSIVE;
				GCC_WARN_UNUSED_FUNCTION = YES;
				GCC_WARN_UNUSED_VARIABLE = YES;
				IPHONEOS_DEPLOYMENT_TARGET = 18.0;
				LOCALIZATION_PREFERS_STRING_CATALOGS = YES;
				MTL_ENABLE_DEBUG_INFO = INCLUDE_SOURCE;
				MTL_FAST_MATH = YES;
				ONLY_ACTIVE_ARCH = YES;
				SDKROOT = iphoneos;
				SWIFT_ACTIVE_COMPILATION_CONDITIONS = "DEBUG $(inherited)";
				SWIFT_OPTIMIZATION_LEVEL = "-Onone";
			};
			name = Debug;
		};
		AB96A05E2DAFDAFA001DCCE0 /* Release */ = {
			isa = XCBuildConfiguration;
			buildSettings = {
				ALWAYS_SEARCH_USER_PATHS = NO;
				ASSETCATALOG_COMPILER_GENERATE_SWIFT_ASSET_SYMBOL_EXTENSIONS = YES;
				CLANG_ANALYZER_NONNULL = YES;
				CLANG_ANALYZER_NUMBER_OBJECT_CONVERSION = YES_AGGRESSIVE;
				CLANG_CXX_LANGUAGE_STANDARD = "gnu++20";
				CLANG_ENABLE_MODULES = YES;
				CLANG_ENABLE_OBJC_ARC = YES;
				CLANG_ENABLE_OBJC_WEAK = YES;
				CLANG_WARN_BLOCK_CAPTURE_AUTORELEASING = YES;
				CLANG_WARN_BOOL_CONVERSION = YES;
				CLANG_WARN_COMMA = YES;
				CLANG_WARN_CONSTANT_CONVERSION = YES;
				CLANG_WARN_DEPRECATED_OBJC_IMPLEMENTATIONS = YES;
				CLANG_WARN_DIRECT_OBJC_ISA_USAGE = YES_ERROR;
				CLANG_WARN_DOCUMENTATION_COMMENTS = YES;
				CLANG_WARN_EMPTY_BODY = YES;
				CLANG_WARN_ENUM_CONVERSION = YES;
				CLANG_WARN_INFINITE_RECURSION = YES;
				CLANG_WARN_INT_CONVERSION = YES;
				CLANG_WARN_NON_LITERAL_NULL_CONVERSION = YES;
				CLANG_WARN_OBJC_IMPLICIT_RETAIN_SELF = YES;
				CLANG_WARN_OBJC_LITERAL_CONVERSION = YES;
				CLANG_WARN_OBJC_ROOT_CLASS = YES_ERROR;
				CLANG_WARN_QUOTED_INCLUDE_IN_FRAMEWORK_HEADER = YES;
				CLANG_WARN_RANGE_LOOP_ANALYSIS = YES;
				CLANG_WARN_STRICT_PROTOTYPES = YES;
				CLANG_WARN_SUSPICIOUS_MOVE = YES;
				CLANG_WARN_UNGUARDED_AVAILABILITY = YES_AGGRESSIVE;
				CLANG_WARN_UNREACHABLE_CODE = YES;
				CLANG_WARN__DUPLICATE_METHOD_MATCH = YES;
				COPY_PHASE_STRIP = NO;
				DEBUG_INFORMATION_FORMAT = "dwarf-with-dsym";
				ENABLE_NS_ASSERTIONS = NO;
				ENABLE_STRICT_OBJC_MSGSEND = YES;
				ENABLE_USER_SCRIPT_SANDBOXING = YES;
				GCC_C_LANGUAGE_STANDARD = gnu17;
				GCC_NO_COMMON_BLOCKS = YES;
				GCC_WARN_64_TO_32_BIT_CONVERSION = YES;
				GCC_WARN_ABOUT_RETURN_TYPE = YES_ERROR;
				GCC_WARN_UNDECLARED_SELECTOR = YES;
				GCC_WARN_UNINITIALIZED_AUTOS = YES_AGGRESSIVE;
				GCC_WARN_UNUSED_FUNCTION = YES;
				GCC_WARN_UNUSED_VARIABLE = YES;
				IPHONEOS_DEPLOYMENT_TARGET = 18.0;
				LOCALIZATION_PREFERS_STRING_CATALOGS = YES;
				MTL_ENABLE_DEBUG_INFO = NO;
				MTL_FAST_MATH = YES;
				SDKROOT = iphoneos;
				SWIFT_COMPILATION_MODE = wholemodule;
				VALIDATE_PRODUCT = YES;
			};
			name = Release;
		};
		AB96A0602DAFDAFA001DCCE0 /* Debug */ = {
			isa = XCBuildConfiguration;
			buildSettings = {
				ASSETCATALOG_COMPILER_APPICON_NAME = AppIcon;
				ASSETCATALOG_COMPILER_GLOBAL_ACCENT_COLOR_NAME = AccentColor;
				CODE_SIGN_STYLE = Automatic;
				CURRENT_PROJECT_VERSION = 1;
				DEVELOPMENT_ASSET_PATHS = "\"MLModernConcurrency/Preview Content\"";
				ENABLE_PREVIEWS = YES;
				GENERATE_INFOPLIST_FILE = YES;
				INFOPLIST_KEY_UIApplicationSceneManifest_Generation = YES;
				INFOPLIST_KEY_UIApplicationSupportsIndirectInputEvents = YES;
				INFOPLIST_KEY_UILaunchScreen_Generation = YES;
				INFOPLIST_KEY_UISupportedInterfaceOrientations_iPad = "UIInterfaceOrientationPortrait UIInterfaceOrientationPortraitUpsideDown UIInterfaceOrientationLandscapeLeft UIInterfaceOrientationLandscapeRight";
				INFOPLIST_KEY_UISupportedInterfaceOrientations_iPhone = "UIInterfaceOrientationPortrait UIInterfaceOrientationLandscapeLeft UIInterfaceOrientationLandscapeRight";
				LD_RUNPATH_SEARCH_PATHS = (
					"$(inherited)",
					"@executable_path/Frameworks",
				);
				MARKETING_VERSION = 1.0;
				PRODUCT_BUNDLE_IDENTIFIER = com.ml.MLModernConcurrency;
				PRODUCT_NAME = "$(TARGET_NAME)";
				SWIFT_EMIT_LOC_STRINGS = YES;
				SWIFT_VERSION = 5.0;
				TARGETED_DEVICE_FAMILY = "1,2";
			};
			name = Debug;
		};
		AB96A0612DAFDAFA001DCCE0 /* Release */ = {
			isa = XCBuildConfiguration;
			buildSettings = {
				ASSETCATALOG_COMPILER_APPICON_NAME = AppIcon;
				ASSETCATALOG_COMPILER_GLOBAL_ACCENT_COLOR_NAME = AccentColor;
				CODE_SIGN_STYLE = Automatic;
				CURRENT_PROJECT_VERSION = 1;
				DEVELOPMENT_ASSET_PATHS = "\"MLModernConcurrency/Preview Content\"";
				ENABLE_PREVIEWS = YES;
				GENERATE_INFOPLIST_FILE = YES;
				INFOPLIST_KEY_UIApplicationSceneManifest_Generation = YES;
				INFOPLIST_KEY_UIApplicationSupportsIndirectInputEvents = YES;
				INFOPLIST_KEY_UILaunchScreen_Generation = YES;
				INFOPLIST_KEY_UISupportedInterfaceOrientations_iPad = "UIInterfaceOrientationPortrait UIInterfaceOrientationPortraitUpsideDown UIInterfaceOrientationLandscapeLeft UIInterfaceOrientationLandscapeRight";
				INFOPLIST_KEY_UISupportedInterfaceOrientations_iPhone = "UIInterfaceOrientationPortrait UIInterfaceOrientationLandscapeLeft UIInterfaceOrientationLandscapeRight";
				LD_RUNPATH_SEARCH_PATHS = (
					"$(inherited)",
					"@executable_path/Frameworks",
				);
				MARKETING_VERSION = 1.0;
				PRODUCT_BUNDLE_IDENTIFIER = com.ml.MLModernConcurrency;
				PRODUCT_NAME = "$(TARGET_NAME)";
				SWIFT_EMIT_LOC_STRINGS = YES;
				SWIFT_VERSION = 5.0;
				TARGETED_DEVICE_FAMILY = "1,2";
			};
			name = Release;
		};
		AB96A0632DAFDAFA001DCCE0 /* Debug */ = {
			isa = XCBuildConfiguration;
			buildSettings = {
				BUNDLE_LOADER = "$(TEST_HOST)";
				CODE_SIGN_STYLE = Automatic;
				CURRENT_PROJECT_VERSION = 1;
				GENERATE_INFOPLIST_FILE = YES;
				IPHONEOS_DEPLOYMENT_TARGET = 18.0;
				MARKETING_VERSION = 1.0;
				PRODUCT_BUNDLE_IDENTIFIER = com.ml.MLModernConcurrencyTests;
				PRODUCT_NAME = "$(TARGET_NAME)";
				SWIFT_EMIT_LOC_STRINGS = NO;
				SWIFT_VERSION = 5.0;
				TARGETED_DEVICE_FAMILY = "1,2";
				TEST_HOST = "$(BUILT_PRODUCTS_DIR)/MLModernConcurrency.app/$(BUNDLE_EXECUTABLE_FOLDER_PATH)/MLModernConcurrency";
			};
			name = Debug;
		};
		AB96A0642DAFDAFA001DCCE0 /* Release */ = {
			isa = XCBuildConfiguration;
			buildSettings = {
				BUNDLE_LOADER = "$(TEST_HOST)";
				CODE_SIGN_STYLE = Automatic;
				CURRENT_PROJECT_VERSION = 1;
				GENERATE_INFOPLIST_FILE = YES;
				IPHONEOS_DEPLOYMENT_TARGET = 18.0;
				MARKETING_VERSION = 1.0;
				PRODUCT_BUNDLE_IDENTIFIER = com.ml.MLModernConcurrencyTests;
				PRODUCT_NAME = "$(TARGET_NAME)";
				SWIFT_EMIT_LOC_STRINGS = NO;
				SWIFT_VERSION = 5.0;
				TARGETED_DEVICE_FAMILY = "1,2";
				TEST_HOST = "$(BUILT_PRODUCTS_DIR)/MLModernConcurrency.app/$(BUNDLE_EXECUTABLE_FOLDER_PATH)/MLModernConcurrency";
			};
			name = Release;
		};
		AB96A0662DAFDAFA001DCCE0 /* Debug */ = {
			isa = XCBuildConfiguration;
			buildSettings = {
				CODE_SIGN_STYLE = Automatic;
				CURRENT_PROJECT_VERSION = 1;
				GENERATE_INFOPLIST_FILE = YES;
				MARKETING_VERSION = 1.0;
				PRODUCT_BUNDLE_IDENTIFIER = com.ml.MLModernConcurrencyUITests;
				PRODUCT_NAME = "$(TARGET_NAME)";
				SWIFT_EMIT_LOC_STRINGS = NO;
				SWIFT_VERSION = 5.0;
				TARGETED_DEVICE_FAMILY = "1,2";
				TEST_TARGET_NAME = MLModernConcurrency;
			};
			name = Debug;
		};
		AB96A0672DAFDAFA001DCCE0 /* Release */ = {
			isa = XCBuildConfiguration;
			buildSettings = {
				CODE_SIGN_STYLE = Automatic;
				CURRENT_PROJECT_VERSION = 1;
				GENERATE_INFOPLIST_FILE = YES;
				MARKETING_VERSION = 1.0;
				PRODUCT_BUNDLE_IDENTIFIER = com.ml.MLModernConcurrencyUITests;
				PRODUCT_NAME = "$(TARGET_NAME)";
				SWIFT_EMIT_LOC_STRINGS = NO;
				SWIFT_VERSION = 5.0;
				TARGETED_DEVICE_FAMILY = "1,2";
				TEST_TARGET_NAME = MLModernConcurrency;
			};
			name = Release;
		};
/* End XCBuildConfiguration section */

/* Begin XCConfigurationList section */
		AB96A0342DAFDAF8001DCCE0 /* Build configuration list for PBXProject "MLModernConcurrency" */ = {
			isa = XCConfigurationList;
			buildConfigurations = (
				AB96A05D2DAFDAFA001DCCE0 /* Debug */,
				AB96A05E2DAFDAFA001DCCE0 /* Release */,
			);
			defaultConfigurationIsVisible = 0;
			defaultConfigurationName = Release;
		};
		AB96A05F2DAFDAFA001DCCE0 /* Build configuration list for PBXNativeTarget "MLModernConcurrency" */ = {
			isa = XCConfigurationList;
			buildConfigurations = (
				AB96A0602DAFDAFA001DCCE0 /* Debug */,
				AB96A0612DAFDAFA001DCCE0 /* Release */,
			);
			defaultConfigurationIsVisible = 0;
			defaultConfigurationName = Release;
		};
		AB96A0622DAFDAFA001DCCE0 /* Build configuration list for PBXNativeTarget "MLModernConcurrencyTests" */ = {
			isa = XCConfigurationList;
			buildConfigurations = (
				AB96A0632DAFDAFA001DCCE0 /* Debug */,
				AB96A0642DAFDAFA001DCCE0 /* Release */,
			);
			defaultConfigurationIsVisible = 0;
			defaultConfigurationName = Release;
		};
		AB96A0652DAFDAFA001DCCE0 /* Build configuration list for PBXNativeTarget "MLModernConcurrencyUITests" */ = {
			isa = XCConfigurationList;
			buildConfigurations = (
				AB96A0662DAFDAFA001DCCE0 /* Debug */,
				AB96A0672DAFDAFA001DCCE0 /* Release */,
			);
			defaultConfigurationIsVisible = 0;
			defaultConfigurationName = Release;
		};
/* End XCConfigurationList section */
	};
	rootObject = AB96A0312DAFDAF8001DCCE0 /* Project object */;
}
